// !$*UTF8*$!
{
	archiveVersion = 1;
	classes = {
	};
	objectVersion = 52;
	objects = {

/* Begin PBXBuildFile section */
		2002494724E8EB1D006BF66D /* LoadingView.swift in Sources */ = {isa = PBXBuildFile; fileRef = 2002494624E8EB1D006BF66D /* LoadingView.swift */; };
		2002494924E8F058006BF66D /* MovieDetailState.swift in Sources */ = {isa = PBXBuildFile; fileRef = 2002494824E8F058006BF66D /* MovieDetailState.swift */; };
		200A1042258444790045904C /* SearchView.swift in Sources */ = {isa = PBXBuildFile; fileRef = 200A1041258444790045904C /* SearchView.swift */; };
		200A1046258444EC0045904C /* SearchList.swift in Sources */ = {isa = PBXBuildFile; fileRef = 200A1045258444EC0045904C /* SearchList.swift */; };
		200A104A258445290045904C /* SearchListCard.swift in Sources */ = {isa = PBXBuildFile; fileRef = 200A1049258445290045904C /* SearchListCard.swift */; };
		201E927325848D0E00036199 /* BlurWindow.swift in Sources */ = {isa = PBXBuildFile; fileRef = 201E927225848D0E00036199 /* BlurWindow.swift */; };
		203978042581AAB400021C1F /* MoviePosterRow.swift in Sources */ = {isa = PBXBuildFile; fileRef = 203978032581AAB400021C1F /* MoviePosterRow.swift */; };
		203978082581B05B00021C1F /* MoviePosterCarouselView.swift in Sources */ = {isa = PBXBuildFile; fileRef = 203978072581B05B00021C1F /* MoviePosterCarouselView.swift */; };
		2039780C2581EDE900021C1F /* MovieDataView.swift in Sources */ = {isa = PBXBuildFile; fileRef = 2039780B2581EDE900021C1F /* MovieDataView.swift */; };
		203CC78624E4E5D40054EE2C /* Extensions.swift in Sources */ = {isa = PBXBuildFile; fileRef = 203CC78524E4E5D40054EE2C /* Extensions.swift */; };
		203DD4E125818B3A003E9C40 /* MovieListView.swift in Sources */ = {isa = PBXBuildFile; fileRef = 203DD4E025818B3A003E9C40 /* MovieListView.swift */; };
		203DD4E525818BE8003E9C40 /* MovieDetailView.swift in Sources */ = {isa = PBXBuildFile; fileRef = 203DD4E425818BE8003E9C40 /* MovieDetailView.swift */; };
		2054FBC725845E9900ACC5E5 /* MovieDetailPersonView.swift in Sources */ = {isa = PBXBuildFile; fileRef = 2054FBC625845E9900ACC5E5 /* MovieDetailPersonView.swift */; };
		2075C9A624E22F1A0019EF51 /* TMDB_AppApp.swift in Sources */ = {isa = PBXBuildFile; fileRef = 2075C9A524E22F1A0019EF51 /* TMDB_AppApp.swift */; };
		2075C9A824E22F1A0019EF51 /* ContentView.swift in Sources */ = {isa = PBXBuildFile; fileRef = 2075C9A724E22F1A0019EF51 /* ContentView.swift */; };
		2075C9AA24E22F1B0019EF51 /* Assets.xcassets in Resources */ = {isa = PBXBuildFile; fileRef = 2075C9A924E22F1B0019EF51 /* Assets.xcassets */; };
		2075C9AD24E22F1B0019EF51 /* Preview Assets.xcassets in Resources */ = {isa = PBXBuildFile; fileRef = 2075C9AC24E22F1B0019EF51 /* Preview Assets.xcassets */; };
		2075C9B624E235EA0019EF51 /* Movie.swift in Sources */ = {isa = PBXBuildFile; fileRef = 2075C9B524E235EA0019EF51 /* Movie.swift */; };
		2075C9B924E2370E0019EF51 /* MovieService.swift in Sources */ = {isa = PBXBuildFile; fileRef = 2075C9B824E2370E0019EF51 /* MovieService.swift */; };
		2075C9BB24E23DDC0019EF51 /* MovieStore.swift in Sources */ = {isa = PBXBuildFile; fileRef = 2075C9BA24E23DDC0019EF51 /* MovieStore.swift */; };
		2075C9BD24E242530019EF51 /* Utils.swift in Sources */ = {isa = PBXBuildFile; fileRef = 2075C9BC24E242530019EF51 /* Utils.swift */; };
		2075C9C224E256710019EF51 /* movie_list.json in Resources */ = {isa = PBXBuildFile; fileRef = 2075C9BF24E256710019EF51 /* movie_list.json */; };
		2075C9C324E256710019EF51 /* movie_info.json in Resources */ = {isa = PBXBuildFile; fileRef = 2075C9C024E256710019EF51 /* movie_info.json */; };
		2075C9C424E256710019EF51 /* search_movie.json in Resources */ = {isa = PBXBuildFile; fileRef = 2075C9C124E256710019EF51 /* search_movie.json */; };
		2075C9C624E256D30019EF51 /* Movie+Stub.swift in Sources */ = {isa = PBXBuildFile; fileRef = 2075C9C524E256D30019EF51 /* Movie+Stub.swift */; };
		2075C9C924E25B350019EF51 /* ImageLoader.swift in Sources */ = {isa = PBXBuildFile; fileRef = 2075C9C824E25B350019EF51 /* ImageLoader.swift */; };
		2075C9CC24E25B800019EF51 /* MovieBackdropCard.swift in Sources */ = {isa = PBXBuildFile; fileRef = 2075C9CB24E25B800019EF51 /* MovieBackdropCard.swift */; };
		2075C9CE24E261A70019EF51 /* MovieBackdropCarouselView.swift in Sources */ = {isa = PBXBuildFile; fileRef = 2075C9CD24E261A70019EF51 /* MovieBackdropCarouselView.swift */; };
		2075C9D024E2645E0019EF51 /* MoviePosterCard.swift in Sources */ = {isa = PBXBuildFile; fileRef = 2075C9CF24E2645E0019EF51 /* MoviePosterCard.swift */; };
		2075C9D224E264980019EF51 /* MoviePosterCarouselView.swift in Sources */ = {isa = PBXBuildFile; fileRef = 2075C9D124E264980019EF51 /* MoviePosterCarouselView.swift */; };
		20A246EF24E9E25900B76FD0 /* MovieDetailView.swift in Sources */ = {isa = PBXBuildFile; fileRef = 20A246EE24E9E25900B76FD0 /* MovieDetailView.swift */; };
		20A246F124E9EF8500B76FD0 /* SafariView.swift in Sources */ = {isa = PBXBuildFile; fileRef = 20A246F024E9EF8500B76FD0 /* SafariView.swift */; };
		20BD58E3258189320009E226 /* TMDB_App_MacOSApp.swift in Sources */ = {isa = PBXBuildFile; fileRef = 20BD58E2258189320009E226 /* TMDB_App_MacOSApp.swift */; };
		20BD58E5258189320009E226 /* ContentView.swift in Sources */ = {isa = PBXBuildFile; fileRef = 20BD58E4258189320009E226 /* ContentView.swift */; };
		20BD58E7258189320009E226 /* Assets.xcassets in Resources */ = {isa = PBXBuildFile; fileRef = 20BD58E6258189320009E226 /* Assets.xcassets */; };
		20BD58EA258189320009E226 /* Preview Assets.xcassets in Resources */ = {isa = PBXBuildFile; fileRef = 20BD58E9258189320009E226 /* Preview Assets.xcassets */; };
		20BD58F42581894F0009E226 /* SDWebImageSwiftUI in Frameworks */ = {isa = PBXBuildFile; productRef = 20BD58F32581894F0009E226 /* SDWebImageSwiftUI */; };
		20BD58F5258189670009E226 /* Utils.swift in Sources */ = {isa = PBXBuildFile; fileRef = 2075C9BC24E242530019EF51 /* Utils.swift */; };
		20BD58F82581898C0009E226 /* movie_list.json in Resources */ = {isa = PBXBuildFile; fileRef = 2075C9BF24E256710019EF51 /* movie_list.json */; };
		20BD58F92581898C0009E226 /* movie_info.json in Resources */ = {isa = PBXBuildFile; fileRef = 2075C9C024E256710019EF51 /* movie_info.json */; };
		20BD58FA2581898C0009E226 /* search_movie.json in Resources */ = {isa = PBXBuildFile; fileRef = 2075C9C124E256710019EF51 /* search_movie.json */; };
		20BD58FD258189920009E226 /* Movie+Stub.swift in Sources */ = {isa = PBXBuildFile; fileRef = 2075C9C524E256D30019EF51 /* Movie+Stub.swift */; };
		20BD58FE258189920009E226 /* Movie.swift in Sources */ = {isa = PBXBuildFile; fileRef = 2075C9B524E235EA0019EF51 /* Movie.swift */; };
		20BD5901258189960009E226 /* MovieStore.swift in Sources */ = {isa = PBXBuildFile; fileRef = 2075C9BA24E23DDC0019EF51 /* MovieStore.swift */; };
		20BD5902258189960009E226 /* MovieService.swift in Sources */ = {isa = PBXBuildFile; fileRef = 2075C9B824E2370E0019EF51 /* MovieService.swift */; };
		20BD5905258189A80009E226 /* LoadingView.swift in Sources */ = {isa = PBXBuildFile; fileRef = 2002494624E8EB1D006BF66D /* LoadingView.swift */; };
		20BD5908258189B70009E226 /* MovieListState.swift in Sources */ = {isa = PBXBuildFile; fileRef = 20FFD45324E3952700DF5349 /* MovieListState.swift */; };
		20BD590B258189BA0009E226 /* MovieDetailState.swift in Sources */ = {isa = PBXBuildFile; fileRef = 2002494824E8F058006BF66D /* MovieDetailState.swift */; };
		20BD590E258189BC0009E226 /* MovieSearchState.swift in Sources */ = {isa = PBXBuildFile; fileRef = 20FFD45924E3B0AA00DF5349 /* MovieSearchState.swift */; };
		20F0BFBE2529394100CCF17A /* SearchList.swift in Sources */ = {isa = PBXBuildFile; fileRef = 20F0BFBD2529394100CCF17A /* SearchList.swift */; };
		20F0BFC1252939A700CCF17A /* SearchListCard.swift in Sources */ = {isa = PBXBuildFile; fileRef = 20F0BFC0252939A700CCF17A /* SearchListCard.swift */; };
		20FFD45224E3875700DF5349 /* SDWebImageSwiftUI in Frameworks */ = {isa = PBXBuildFile; productRef = 20FFD45124E3875700DF5349 /* SDWebImageSwiftUI */; };
		20FFD45424E3952700DF5349 /* MovieListState.swift in Sources */ = {isa = PBXBuildFile; fileRef = 20FFD45324E3952700DF5349 /* MovieListState.swift */; };
		20FFD45624E3A26E00DF5349 /* MovieListView.swift in Sources */ = {isa = PBXBuildFile; fileRef = 20FFD45524E3A26E00DF5349 /* MovieListView.swift */; };
		20FFD45824E3AC4600DF5349 /* SearchView.swift in Sources */ = {isa = PBXBuildFile; fileRef = 20FFD45724E3AC4600DF5349 /* SearchView.swift */; };
		20FFD45A24E3B0AA00DF5349 /* MovieSearchState.swift in Sources */ = {isa = PBXBuildFile; fileRef = 20FFD45924E3B0AA00DF5349 /* MovieSearchState.swift */; };
/* End PBXBuildFile section */

/* Begin PBXFileReference section */
		2002494624E8EB1D006BF66D /* LoadingView.swift */ = {isa = PBXFileReference; lastKnownFileType = sourcecode.swift; path = LoadingView.swift; sourceTree = "<group>"; };
		2002494824E8F058006BF66D /* MovieDetailState.swift */ = {isa = PBXFileReference; lastKnownFileType = sourcecode.swift; path = MovieDetailState.swift; sourceTree = "<group>"; };
		200A1041258444790045904C /* SearchView.swift */ = {isa = PBXFileReference; lastKnownFileType = sourcecode.swift; path = SearchView.swift; sourceTree = "<group>"; };
		200A1045258444EC0045904C /* SearchList.swift */ = {isa = PBXFileReference; lastKnownFileType = sourcecode.swift; path = SearchList.swift; sourceTree = "<group>"; };
		200A1049258445290045904C /* SearchListCard.swift */ = {isa = PBXFileReference; lastKnownFileType = sourcecode.swift; path = SearchListCard.swift; sourceTree = "<group>"; };
		201E927225848D0E00036199 /* BlurWindow.swift */ = {isa = PBXFileReference; lastKnownFileType = sourcecode.swift; path = BlurWindow.swift; sourceTree = "<group>"; };
		203978032581AAB400021C1F /* MoviePosterRow.swift */ = {isa = PBXFileReference; lastKnownFileType = sourcecode.swift; path = MoviePosterRow.swift; sourceTree = "<group>"; };
		203978072581B05B00021C1F /* MoviePosterCarouselView.swift */ = {isa = PBXFileReference; lastKnownFileType = sourcecode.swift; path = MoviePosterCarouselView.swift; sourceTree = "<group>"; };
		2039780B2581EDE900021C1F /* MovieDataView.swift */ = {isa = PBXFileReference; lastKnownFileType = sourcecode.swift; path = MovieDataView.swift; sourceTree = "<group>"; };
		203CC78524E4E5D40054EE2C /* Extensions.swift */ = {isa = PBXFileReference; lastKnownFileType = sourcecode.swift; path = Extensions.swift; sourceTree = "<group>"; };
		203DD4E025818B3A003E9C40 /* MovieListView.swift */ = {isa = PBXFileReference; lastKnownFileType = sourcecode.swift; path = MovieListView.swift; sourceTree = "<group>"; };
		203DD4E425818BE8003E9C40 /* MovieDetailView.swift */ = {isa = PBXFileReference; lastKnownFileType = sourcecode.swift; path = MovieDetailView.swift; sourceTree = "<group>"; };
		2054FBC625845E9900ACC5E5 /* MovieDetailPersonView.swift */ = {isa = PBXFileReference; lastKnownFileType = sourcecode.swift; path = MovieDetailPersonView.swift; sourceTree = "<group>"; };
		2075C9A224E22F1A0019EF51 /* TMDB_App.app */ = {isa = PBXFileReference; explicitFileType = wrapper.application; includeInIndex = 0; path = TMDB_App.app; sourceTree = BUILT_PRODUCTS_DIR; };
		2075C9A524E22F1A0019EF51 /* TMDB_AppApp.swift */ = {isa = PBXFileReference; lastKnownFileType = sourcecode.swift; path = TMDB_AppApp.swift; sourceTree = "<group>"; };
		2075C9A724E22F1A0019EF51 /* ContentView.swift */ = {isa = PBXFileReference; lastKnownFileType = sourcecode.swift; path = ContentView.swift; sourceTree = "<group>"; };
		2075C9A924E22F1B0019EF51 /* Assets.xcassets */ = {isa = PBXFileReference; lastKnownFileType = folder.assetcatalog; path = Assets.xcassets; sourceTree = "<group>"; };
		2075C9AC24E22F1B0019EF51 /* Preview Assets.xcassets */ = {isa = PBXFileReference; lastKnownFileType = folder.assetcatalog; path = "Preview Assets.xcassets"; sourceTree = "<group>"; };
		2075C9AE24E22F1B0019EF51 /* Info.plist */ = {isa = PBXFileReference; lastKnownFileType = text.plist.xml; path = Info.plist; sourceTree = "<group>"; };
		2075C9B524E235EA0019EF51 /* Movie.swift */ = {isa = PBXFileReference; lastKnownFileType = sourcecode.swift; path = Movie.swift; sourceTree = "<group>"; };
		2075C9B824E2370E0019EF51 /* MovieService.swift */ = {isa = PBXFileReference; lastKnownFileType = sourcecode.swift; path = MovieService.swift; sourceTree = "<group>"; };
		2075C9BA24E23DDC0019EF51 /* MovieStore.swift */ = {isa = PBXFileReference; lastKnownFileType = sourcecode.swift; path = MovieStore.swift; sourceTree = "<group>"; };
		2075C9BC24E242530019EF51 /* Utils.swift */ = {isa = PBXFileReference; lastKnownFileType = sourcecode.swift; path = Utils.swift; sourceTree = "<group>"; };
		2075C9BF24E256710019EF51 /* movie_list.json */ = {isa = PBXFileReference; fileEncoding = 4; lastKnownFileType = text.json; path = movie_list.json; sourceTree = "<group>"; };
		2075C9C024E256710019EF51 /* movie_info.json */ = {isa = PBXFileReference; fileEncoding = 4; lastKnownFileType = text.json; path = movie_info.json; sourceTree = "<group>"; };
		2075C9C124E256710019EF51 /* search_movie.json */ = {isa = PBXFileReference; fileEncoding = 4; lastKnownFileType = text.json; path = search_movie.json; sourceTree = "<group>"; };
		2075C9C524E256D30019EF51 /* Movie+Stub.swift */ = {isa = PBXFileReference; lastKnownFileType = sourcecode.swift; path = "Movie+Stub.swift"; sourceTree = "<group>"; };
		2075C9C824E25B350019EF51 /* ImageLoader.swift */ = {isa = PBXFileReference; lastKnownFileType = sourcecode.swift; path = ImageLoader.swift; sourceTree = "<group>"; };
		2075C9CB24E25B800019EF51 /* MovieBackdropCard.swift */ = {isa = PBXFileReference; lastKnownFileType = sourcecode.swift; path = MovieBackdropCard.swift; sourceTree = "<group>"; };
		2075C9CD24E261A70019EF51 /* MovieBackdropCarouselView.swift */ = {isa = PBXFileReference; lastKnownFileType = sourcecode.swift; path = MovieBackdropCarouselView.swift; sourceTree = "<group>"; };
		2075C9CF24E2645E0019EF51 /* MoviePosterCard.swift */ = {isa = PBXFileReference; lastKnownFileType = sourcecode.swift; path = MoviePosterCard.swift; sourceTree = "<group>"; };
		2075C9D124E264980019EF51 /* MoviePosterCarouselView.swift */ = {isa = PBXFileReference; lastKnownFileType = sourcecode.swift; path = MoviePosterCarouselView.swift; sourceTree = "<group>"; };
		20A246EE24E9E25900B76FD0 /* MovieDetailView.swift */ = {isa = PBXFileReference; lastKnownFileType = sourcecode.swift; path = MovieDetailView.swift; sourceTree = "<group>"; };
		20A246F024E9EF8500B76FD0 /* SafariView.swift */ = {isa = PBXFileReference; lastKnownFileType = sourcecode.swift; path = SafariView.swift; sourceTree = "<group>"; };
		20BD58E0258189320009E226 /* TMDB_App_MacOS.app */ = {isa = PBXFileReference; explicitFileType = wrapper.application; includeInIndex = 0; path = TMDB_App_MacOS.app; sourceTree = BUILT_PRODUCTS_DIR; };
		20BD58E2258189320009E226 /* TMDB_App_MacOSApp.swift */ = {isa = PBXFileReference; lastKnownFileType = sourcecode.swift; path = TMDB_App_MacOSApp.swift; sourceTree = "<group>"; };
		20BD58E4258189320009E226 /* ContentView.swift */ = {isa = PBXFileReference; lastKnownFileType = sourcecode.swift; path = ContentView.swift; sourceTree = "<group>"; };
		20BD58E6258189320009E226 /* Assets.xcassets */ = {isa = PBXFileReference; lastKnownFileType = folder.assetcatalog; path = Assets.xcassets; sourceTree = "<group>"; };
		20BD58E9258189320009E226 /* Preview Assets.xcassets */ = {isa = PBXFileReference; lastKnownFileType = folder.assetcatalog; path = "Preview Assets.xcassets"; sourceTree = "<group>"; };
		20BD58EB258189320009E226 /* Info.plist */ = {isa = PBXFileReference; lastKnownFileType = text.plist.xml; path = Info.plist; sourceTree = "<group>"; };
		20BD58EC258189320009E226 /* TMDB_App_MacOS.entitlements */ = {isa = PBXFileReference; lastKnownFileType = text.plist.entitlements; path = TMDB_App_MacOS.entitlements; sourceTree = "<group>"; };
		20F0BFBD2529394100CCF17A /* SearchList.swift */ = {isa = PBXFileReference; lastKnownFileType = sourcecode.swift; path = SearchList.swift; sourceTree = "<group>"; };
		20F0BFC0252939A700CCF17A /* SearchListCard.swift */ = {isa = PBXFileReference; lastKnownFileType = sourcecode.swift; path = SearchListCard.swift; sourceTree = "<group>"; };
		20FFD45324E3952700DF5349 /* MovieListState.swift */ = {isa = PBXFileReference; lastKnownFileType = sourcecode.swift; path = MovieListState.swift; sourceTree = "<group>"; };
		20FFD45524E3A26E00DF5349 /* MovieListView.swift */ = {isa = PBXFileReference; lastKnownFileType = sourcecode.swift; path = MovieListView.swift; sourceTree = "<group>"; };
		20FFD45724E3AC4600DF5349 /* SearchView.swift */ = {isa = PBXFileReference; lastKnownFileType = sourcecode.swift; path = SearchView.swift; sourceTree = "<group>"; };
		20FFD45924E3B0AA00DF5349 /* MovieSearchState.swift */ = {isa = PBXFileReference; lastKnownFileType = sourcecode.swift; path = MovieSearchState.swift; sourceTree = "<group>"; };
/* End PBXFileReference section */

/* Begin PBXFrameworksBuildPhase section */
		2075C99F24E22F1A0019EF51 /* Frameworks */ = {
			isa = PBXFrameworksBuildPhase;
			buildActionMask = 2147483647;
			files = (
				20FFD45224E3875700DF5349 /* SDWebImageSwiftUI in Frameworks */,
			);
			runOnlyForDeploymentPostprocessing = 0;
		};
		20BD58DD258189320009E226 /* Frameworks */ = {
			isa = PBXFrameworksBuildPhase;
			buildActionMask = 2147483647;
			files = (
				20BD58F42581894F0009E226 /* SDWebImageSwiftUI in Frameworks */,
			);
			runOnlyForDeploymentPostprocessing = 0;
		};
/* End PBXFrameworksBuildPhase section */

/* Begin PBXGroup section */
		2075C99924E22F1A0019EF51 = {
			isa = PBXGroup;
			children = (
				2075C9A424E22F1A0019EF51 /* TMDB_App */,
				20BD58E1258189320009E226 /* TMDB_App_MacOS */,
				2075C9A324E22F1A0019EF51 /* Products */,
				20BD58F22581894F0009E226 /* Frameworks */,
			);
			sourceTree = "<group>";
		};
		2075C9A324E22F1A0019EF51 /* Products */ = {
			isa = PBXGroup;
			children = (
				2075C9A224E22F1A0019EF51 /* TMDB_App.app */,
				20BD58E0258189320009E226 /* TMDB_App_MacOS.app */,
			);
			name = Products;
			sourceTree = "<group>";
		};
		2075C9A424E22F1A0019EF51 /* TMDB_App */ = {
			isa = PBXGroup;
			children = (
				2075C9A524E22F1A0019EF51 /* TMDB_AppApp.swift */,
				2075C9A724E22F1A0019EF51 /* ContentView.swift */,
				2075C9BC24E242530019EF51 /* Utils.swift */,
				203CC78524E4E5D40054EE2C /* Extensions.swift */,
				20A246F024E9EF8500B76FD0 /* SafariView.swift */,
				2075C9CA24E25B4D0019EF51 /* Views */,
				2075C9B724E236DB0019EF51 /* Services */,
				2075C9B424E235CE0019EF51 /* Model */,
				2075C9BE24E2564F0019EF51 /* Resources */,
				2075C9A924E22F1B0019EF51 /* Assets.xcassets */,
				2075C9AE24E22F1B0019EF51 /* Info.plist */,
				2075C9AB24E22F1B0019EF51 /* Preview Content */,
			);
			path = TMDB_App;
			sourceTree = "<group>";
		};
		2075C9AB24E22F1B0019EF51 /* Preview Content */ = {
			isa = PBXGroup;
			children = (
				2075C9AC24E22F1B0019EF51 /* Preview Assets.xcassets */,
			);
			path = "Preview Content";
			sourceTree = "<group>";
		};
		2075C9B424E235CE0019EF51 /* Model */ = {
			isa = PBXGroup;
			children = (
				2075C9B524E235EA0019EF51 /* Movie.swift */,
				2075C9C524E256D30019EF51 /* Movie+Stub.swift */,
			);
			path = Model;
			sourceTree = "<group>";
		};
		2075C9B724E236DB0019EF51 /* Services */ = {
			isa = PBXGroup;
			children = (
				2075C9B824E2370E0019EF51 /* MovieService.swift */,
				2075C9BA24E23DDC0019EF51 /* MovieStore.swift */,
			);
			path = Services;
			sourceTree = "<group>";
		};
		2075C9BE24E2564F0019EF51 /* Resources */ = {
			isa = PBXGroup;
			children = (
				2075C9C024E256710019EF51 /* movie_info.json */,
				2075C9BF24E256710019EF51 /* movie_list.json */,
				2075C9C124E256710019EF51 /* search_movie.json */,
			);
			path = Resources;
			sourceTree = "<group>";
		};
		2075C9C724E25B000019EF51 /* Bindings */ = {
			isa = PBXGroup;
			children = (
				2075C9C824E25B350019EF51 /* ImageLoader.swift */,
				20FFD45324E3952700DF5349 /* MovieListState.swift */,
				2002494824E8F058006BF66D /* MovieDetailState.swift */,
				20FFD45924E3B0AA00DF5349 /* MovieSearchState.swift */,
			);
			path = Bindings;
			sourceTree = "<group>";
		};
		2075C9CA24E25B4D0019EF51 /* Views */ = {
			isa = PBXGroup;
			children = (
				2075C9CB24E25B800019EF51 /* MovieBackdropCard.swift */,
				2075C9CD24E261A70019EF51 /* MovieBackdropCarouselView.swift */,
				2075C9CF24E2645E0019EF51 /* MoviePosterCard.swift */,
				2075C9D124E264980019EF51 /* MoviePosterCarouselView.swift */,
				20FFD45524E3A26E00DF5349 /* MovieListView.swift */,
				20A246EE24E9E25900B76FD0 /* MovieDetailView.swift */,
				20FFD45724E3AC4600DF5349 /* SearchView.swift */,
				20F0BFBD2529394100CCF17A /* SearchList.swift */,
				20F0BFC0252939A700CCF17A /* SearchListCard.swift */,
				2002494624E8EB1D006BF66D /* LoadingView.swift */,
				2075C9C724E25B000019EF51 /* Bindings */,
			);
			path = Views;
			sourceTree = "<group>";
		};
		20BD58E1258189320009E226 /* TMDB_App_MacOS */ = {
			isa = PBXGroup;
			children = (
				20BD58E2258189320009E226 /* TMDB_App_MacOSApp.swift */,
				201E927225848D0E00036199 /* BlurWindow.swift */,
				20BD58E4258189320009E226 /* ContentView.swift */,
				203DD4E025818B3A003E9C40 /* MovieListView.swift */,
				203DD4E425818BE8003E9C40 /* MovieDetailView.swift */,
				203978032581AAB400021C1F /* MoviePosterRow.swift */,
				203978072581B05B00021C1F /* MoviePosterCarouselView.swift */,
				200A1041258444790045904C /* SearchView.swift */,
				200A1045258444EC0045904C /* SearchList.swift */,
				200A1049258445290045904C /* SearchListCard.swift */,
				2054FBC625845E9900ACC5E5 /* MovieDetailPersonView.swift */,
				2039780B2581EDE900021C1F /* MovieDataView.swift */,
				20BD58E6258189320009E226 /* Assets.xcassets */,
				20BD58EB258189320009E226 /* Info.plist */,
				20BD58EC258189320009E226 /* TMDB_App_MacOS.entitlements */,
				20BD58E8258189320009E226 /* Preview Content */,
			);
			path = TMDB_App_MacOS;
			sourceTree = "<group>";
		};
		20BD58E8258189320009E226 /* Preview Content */ = {
			isa = PBXGroup;
			children = (
				20BD58E9258189320009E226 /* Preview Assets.xcassets */,
			);
			path = "Preview Content";
			sourceTree = "<group>";
		};
		20BD58F22581894F0009E226 /* Frameworks */ = {
			isa = PBXGroup;
			children = (
			);
			name = Frameworks;
			sourceTree = "<group>";
		};
/* End PBXGroup section */

/* Begin PBXNativeTarget section */
		2075C9A124E22F1A0019EF51 /* TMDB_App */ = {
			isa = PBXNativeTarget;
			buildConfigurationList = 2075C9B124E22F1B0019EF51 /* Build configuration list for PBXNativeTarget "TMDB_App" */;
			buildPhases = (
				2075C99E24E22F1A0019EF51 /* Sources */,
				2075C99F24E22F1A0019EF51 /* Frameworks */,
				2075C9A024E22F1A0019EF51 /* Resources */,
			);
			buildRules = (
			);
			dependencies = (
			);
			name = TMDB_App;
			packageProductDependencies = (
				20FFD45124E3875700DF5349 /* SDWebImageSwiftUI */,
			);
			productName = TMDB_App;
			productReference = 2075C9A224E22F1A0019EF51 /* TMDB_App.app */;
			productType = "com.apple.product-type.application";
		};
		20BD58DF258189320009E226 /* TMDB_App_MacOS */ = {
			isa = PBXNativeTarget;
			buildConfigurationList = 20BD58EF258189320009E226 /* Build configuration list for PBXNativeTarget "TMDB_App_MacOS" */;
			buildPhases = (
				20BD58DC258189320009E226 /* Sources */,
				20BD58DD258189320009E226 /* Frameworks */,
				20BD58DE258189320009E226 /* Resources */,
			);
			buildRules = (
			);
			dependencies = (
			);
			name = TMDB_App_MacOS;
			packageProductDependencies = (
				20BD58F32581894F0009E226 /* SDWebImageSwiftUI */,
			);
			productName = TMDB_App_MacOS;
			productReference = 20BD58E0258189320009E226 /* TMDB_App_MacOS.app */;
			productType = "com.apple.product-type.application";
		};
/* End PBXNativeTarget section */

/* Begin PBXProject section */
		2075C99A24E22F1A0019EF51 /* Project object */ = {
			isa = PBXProject;
			attributes = {
				LastSwiftUpdateCheck = 1220;
				LastUpgradeCheck = 1230;
				TargetAttributes = {
					2075C9A124E22F1A0019EF51 = {
						CreatedOnToolsVersion = 12.0;
					};
					20BD58DF258189320009E226 = {
						CreatedOnToolsVersion = 12.2;
					};
				};
			};
			buildConfigurationList = 2075C99D24E22F1A0019EF51 /* Build configuration list for PBXProject "TMDB_App" */;
			compatibilityVersion = "Xcode 9.3";
			developmentRegion = en;
			hasScannedForEncodings = 0;
			knownRegions = (
				en,
				Base,
			);
			mainGroup = 2075C99924E22F1A0019EF51;
			packageReferences = (
				20FFD45024E3875700DF5349 /* XCRemoteSwiftPackageReference "SDWebImageSwiftUI" */,
			);
			productRefGroup = 2075C9A324E22F1A0019EF51 /* Products */;
			projectDirPath = "";
			projectRoot = "";
			targets = (
				2075C9A124E22F1A0019EF51 /* TMDB_App */,
				20BD58DF258189320009E226 /* TMDB_App_MacOS */,
			);
		};
/* End PBXProject section */

/* Begin PBXResourcesBuildPhase section */
		2075C9A024E22F1A0019EF51 /* Resources */ = {
			isa = PBXResourcesBuildPhase;
			buildActionMask = 2147483647;
			files = (
				2075C9AD24E22F1B0019EF51 /* Preview Assets.xcassets in Resources */,
				2075C9C224E256710019EF51 /* movie_list.json in Resources */,
				2075C9C324E256710019EF51 /* movie_info.json in Resources */,
				2075C9C424E256710019EF51 /* search_movie.json in Resources */,
				2075C9AA24E22F1B0019EF51 /* Assets.xcassets in Resources */,
			);
			runOnlyForDeploymentPostprocessing = 0;
		};
		20BD58DE258189320009E226 /* Resources */ = {
			isa = PBXResourcesBuildPhase;
			buildActionMask = 2147483647;
			files = (
				20BD58EA258189320009E226 /* Preview Assets.xcassets in Resources */,
				20BD58F82581898C0009E226 /* movie_list.json in Resources */,
				20BD58F92581898C0009E226 /* movie_info.json in Resources */,
				20BD58FA2581898C0009E226 /* search_movie.json in Resources */,
				20BD58E7258189320009E226 /* Assets.xcassets in Resources */,
			);
			runOnlyForDeploymentPostprocessing = 0;
		};
/* End PBXResourcesBuildPhase section */

/* Begin PBXSourcesBuildPhase section */
		2075C99E24E22F1A0019EF51 /* Sources */ = {
			isa = PBXSourcesBuildPhase;
			buildActionMask = 2147483647;
			files = (
				2075C9A824E22F1A0019EF51 /* ContentView.swift in Sources */,
				20F0BFBE2529394100CCF17A /* SearchList.swift in Sources */,
				2002494924E8F058006BF66D /* MovieDetailState.swift in Sources */,
				20FFD45624E3A26E00DF5349 /* MovieListView.swift in Sources */,
				2075C9CE24E261A70019EF51 /* MovieBackdropCarouselView.swift in Sources */,
				2075C9A624E22F1A0019EF51 /* TMDB_AppApp.swift in Sources */,
				2075C9B924E2370E0019EF51 /* MovieService.swift in Sources */,
				2075C9D024E2645E0019EF51 /* MoviePosterCard.swift in Sources */,
				2075C9C624E256D30019EF51 /* Movie+Stub.swift in Sources */,
				20FFD45424E3952700DF5349 /* MovieListState.swift in Sources */,
				20FFD45A24E3B0AA00DF5349 /* MovieSearchState.swift in Sources */,
				20A246EF24E9E25900B76FD0 /* MovieDetailView.swift in Sources */,
				2075C9D224E264980019EF51 /* MoviePosterCarouselView.swift in Sources */,
				2075C9B624E235EA0019EF51 /* Movie.swift in Sources */,
				20A246F124E9EF8500B76FD0 /* SafariView.swift in Sources */,
				20FFD45824E3AC4600DF5349 /* SearchView.swift in Sources */,
				2075C9CC24E25B800019EF51 /* MovieBackdropCard.swift in Sources */,
				203CC78624E4E5D40054EE2C /* Extensions.swift in Sources */,
				2075C9BB24E23DDC0019EF51 /* MovieStore.swift in Sources */,
				2075C9C924E25B350019EF51 /* ImageLoader.swift in Sources */,
				2075C9BD24E242530019EF51 /* Utils.swift in Sources */,
				2002494724E8EB1D006BF66D /* LoadingView.swift in Sources */,
				20F0BFC1252939A700CCF17A /* SearchListCard.swift in Sources */,
			);
			runOnlyForDeploymentPostprocessing = 0;
		};
		20BD58DC258189320009E226 /* Sources */ = {
			isa = PBXSourcesBuildPhase;
			buildActionMask = 2147483647;
			files = (
				20BD58FD258189920009E226 /* Movie+Stub.swift in Sources */,
				20BD58E5258189320009E226 /* ContentView.swift in Sources */,
				20BD58E3258189320009E226 /* TMDB_App_MacOSApp.swift in Sources */,
				2039780C2581EDE900021C1F /* MovieDataView.swift in Sources */,
				20BD590B258189BA0009E226 /* MovieDetailState.swift in Sources */,
				203978042581AAB400021C1F /* MoviePosterRow.swift in Sources */,
				200A1042258444790045904C /* SearchView.swift in Sources */,
				20BD590E258189BC0009E226 /* MovieSearchState.swift in Sources */,
				203DD4E125818B3A003E9C40 /* MovieListView.swift in Sources */,
				20BD58F5258189670009E226 /* Utils.swift in Sources */,
				201E927325848D0E00036199 /* BlurWindow.swift in Sources */,
				2054FBC725845E9900ACC5E5 /* MovieDetailPersonView.swift in Sources */,
				203DD4E525818BE8003E9C40 /* MovieDetailView.swift in Sources */,
				200A1046258444EC0045904C /* SearchList.swift in Sources */,
				203978082581B05B00021C1F /* MoviePosterCarouselView.swift in Sources */,
				20BD5901258189960009E226 /* MovieStore.swift in Sources */,
				20BD5908258189B70009E226 /* MovieListState.swift in Sources */,
				20BD5905258189A80009E226 /* LoadingView.swift in Sources */,
				20BD58FE258189920009E226 /* Movie.swift in Sources */,
				20BD5902258189960009E226 /* MovieService.swift in Sources */,
				200A104A258445290045904C /* SearchListCard.swift in Sources */,
			);
			runOnlyForDeploymentPostprocessing = 0;
		};
/* End PBXSourcesBuildPhase section */

/* Begin XCBuildConfiguration section */
		2075C9AF24E22F1B0019EF51 /* Debug */ = {
			isa = XCBuildConfiguration;
			buildSettings = {
				ALWAYS_SEARCH_USER_PATHS = NO;
				CLANG_ANALYZER_NONNULL = YES;
				CLANG_ANALYZER_NUMBER_OBJECT_CONVERSION = YES_AGGRESSIVE;
				CLANG_CXX_LANGUAGE_STANDARD = "gnu++14";
				CLANG_CXX_LIBRARY = "libc++";
				CLANG_ENABLE_MODULES = YES;
				CLANG_ENABLE_OBJC_ARC = YES;
				CLANG_ENABLE_OBJC_WEAK = YES;
				CLANG_WARN_BLOCK_CAPTURE_AUTORELEASING = YES;
				CLANG_WARN_BOOL_CONVERSION = YES;
				CLANG_WARN_COMMA = YES;
				CLANG_WARN_CONSTANT_CONVERSION = YES;
				CLANG_WARN_DEPRECATED_OBJC_IMPLEMENTATIONS = YES;
				CLANG_WARN_DIRECT_OBJC_ISA_USAGE = YES_ERROR;
				CLANG_WARN_DOCUMENTATION_COMMENTS = YES;
				CLANG_WARN_EMPTY_BODY = YES;
				CLANG_WARN_ENUM_CONVERSION = YES;
				CLANG_WARN_INFINITE_RECURSION = YES;
				CLANG_WARN_INT_CONVERSION = YES;
				CLANG_WARN_NON_LITERAL_NULL_CONVERSION = YES;
				CLANG_WARN_OBJC_IMPLICIT_RETAIN_SELF = YES;
				CLANG_WARN_OBJC_LITERAL_CONVERSION = YES;
				CLANG_WARN_OBJC_ROOT_CLASS = YES_ERROR;
				CLANG_WARN_QUOTED_INCLUDE_IN_FRAMEWORK_HEADER = YES;
				CLANG_WARN_RANGE_LOOP_ANALYSIS = YES;
				CLANG_WARN_STRICT_PROTOTYPES = YES;
				CLANG_WARN_SUSPICIOUS_MOVE = YES;
				CLANG_WARN_UNGUARDED_AVAILABILITY = YES_AGGRESSIVE;
				CLANG_WARN_UNREACHABLE_CODE = YES;
				CLANG_WARN__DUPLICATE_METHOD_MATCH = YES;
				COPY_PHASE_STRIP = NO;
				DEBUG_INFORMATION_FORMAT = dwarf;
				ENABLE_STRICT_OBJC_MSGSEND = YES;
				ENABLE_TESTABILITY = YES;
				GCC_C_LANGUAGE_STANDARD = gnu11;
				GCC_DYNAMIC_NO_PIC = NO;
				GCC_NO_COMMON_BLOCKS = YES;
				GCC_OPTIMIZATION_LEVEL = 0;
				GCC_PREPROCESSOR_DEFINITIONS = (
					"DEBUG=1",
					"$(inherited)",
				);
				GCC_WARN_64_TO_32_BIT_CONVERSION = YES;
				GCC_WARN_ABOUT_RETURN_TYPE = YES_ERROR;
				GCC_WARN_UNDECLARED_SELECTOR = YES;
				GCC_WARN_UNINITIALIZED_AUTOS = YES_AGGRESSIVE;
				GCC_WARN_UNUSED_FUNCTION = YES;
				GCC_WARN_UNUSED_VARIABLE = YES;
				IPHONEOS_DEPLOYMENT_TARGET = 14.0;
				MTL_ENABLE_DEBUG_INFO = INCLUDE_SOURCE;
				MTL_FAST_MATH = YES;
				ONLY_ACTIVE_ARCH = YES;
				SDKROOT = iphoneos;
				SWIFT_ACTIVE_COMPILATION_CONDITIONS = DEBUG;
				SWIFT_OPTIMIZATION_LEVEL = "-Onone";
			};
			name = Debug;
		};
		2075C9B024E22F1B0019EF51 /* Release */ = {
			isa = XCBuildConfiguration;
			buildSettings = {
				ALWAYS_SEARCH_USER_PATHS = NO;
				CLANG_ANALYZER_NONNULL = YES;
				CLANG_ANALYZER_NUMBER_OBJECT_CONVERSION = YES_AGGRESSIVE;
				CLANG_CXX_LANGUAGE_STANDARD = "gnu++14";
				CLANG_CXX_LIBRARY = "libc++";
				CLANG_ENABLE_MODULES = YES;
				CLANG_ENABLE_OBJC_ARC = YES;
				CLANG_ENABLE_OBJC_WEAK = YES;
				CLANG_WARN_BLOCK_CAPTURE_AUTORELEASING = YES;
				CLANG_WARN_BOOL_CONVERSION = YES;
				CLANG_WARN_COMMA = YES;
				CLANG_WARN_CONSTANT_CONVERSION = YES;
				CLANG_WARN_DEPRECATED_OBJC_IMPLEMENTATIONS = YES;
				CLANG_WARN_DIRECT_OBJC_ISA_USAGE = YES_ERROR;
				CLANG_WARN_DOCUMENTATION_COMMENTS = YES;
				CLANG_WARN_EMPTY_BODY = YES;
				CLANG_WARN_ENUM_CONVERSION = YES;
				CLANG_WARN_INFINITE_RECURSION = YES;
				CLANG_WARN_INT_CONVERSION = YES;
				CLANG_WARN_NON_LITERAL_NULL_CONVERSION = YES;
				CLANG_WARN_OBJC_IMPLICIT_RETAIN_SELF = YES;
				CLANG_WARN_OBJC_LITERAL_CONVERSION = YES;
				CLANG_WARN_OBJC_ROOT_CLASS = YES_ERROR;
				CLANG_WARN_QUOTED_INCLUDE_IN_FRAMEWORK_HEADER = YES;
				CLANG_WARN_RANGE_LOOP_ANALYSIS = YES;
				CLANG_WARN_STRICT_PROTOTYPES = YES;
				CLANG_WARN_SUSPICIOUS_MOVE = YES;
				CLANG_WARN_UNGUARDED_AVAILABILITY = YES_AGGRESSIVE;
				CLANG_WARN_UNREACHABLE_CODE = YES;
				CLANG_WARN__DUPLICATE_METHOD_MATCH = YES;
				COPY_PHASE_STRIP = NO;
				DEBUG_INFORMATION_FORMAT = "dwarf-with-dsym";
				ENABLE_NS_ASSERTIONS = NO;
				ENABLE_STRICT_OBJC_MSGSEND = YES;
				GCC_C_LANGUAGE_STANDARD = gnu11;
				GCC_NO_COMMON_BLOCKS = YES;
				GCC_WARN_64_TO_32_BIT_CONVERSION = YES;
				GCC_WARN_ABOUT_RETURN_TYPE = YES_ERROR;
				GCC_WARN_UNDECLARED_SELECTOR = YES;
				GCC_WARN_UNINITIALIZED_AUTOS = YES_AGGRESSIVE;
				GCC_WARN_UNUSED_FUNCTION = YES;
				GCC_WARN_UNUSED_VARIABLE = YES;
				IPHONEOS_DEPLOYMENT_TARGET = 14.0;
				MTL_ENABLE_DEBUG_INFO = NO;
				MTL_FAST_MATH = YES;
				SDKROOT = iphoneos;
				SWIFT_COMPILATION_MODE = wholemodule;
				SWIFT_OPTIMIZATION_LEVEL = "-O";
				VALIDATE_PRODUCT = YES;
			};
			name = Release;
		};
		2075C9B224E22F1B0019EF51 /* Debug */ = {
			isa = XCBuildConfiguration;
			buildSettings = {
				ASSETCATALOG_COMPILER_APPICON_NAME = AppIcon;
				ASSETCATALOG_COMPILER_GLOBAL_ACCENT_COLOR_NAME = AccentColor;
				CODE_SIGN_STYLE = Automatic;
				DEVELOPMENT_ASSET_PATHS = "\"TMDB_App/Preview Content\"";
				DEVELOPMENT_TEAM = CRZL2UUGWW;
				ENABLE_PREVIEWS = YES;
				INFOPLIST_FILE = TMDB_App/Info.plist;
				IPHONEOS_DEPLOYMENT_TARGET = 14.0;
				LD_RUNPATH_SEARCH_PATHS = (
					"$(inherited)",
					"@executable_path/Frameworks",
				);
				PRODUCT_BUNDLE_IDENTIFIER = "com.nazildosouza.TMDB-App";
				PRODUCT_NAME = "$(TARGET_NAME)";
				SWIFT_VERSION = 5.0;
				TARGETED_DEVICE_FAMILY = "1,2";
			};
			name = Debug;
		};
		2075C9B324E22F1B0019EF51 /* Release */ = {
			isa = XCBuildConfiguration;
			buildSettings = {
				ASSETCATALOG_COMPILER_APPICON_NAME = AppIcon;
				ASSETCATALOG_COMPILER_GLOBAL_ACCENT_COLOR_NAME = AccentColor;
				CODE_SIGN_STYLE = Automatic;
				DEVELOPMENT_ASSET_PATHS = "\"TMDB_App/Preview Content\"";
				DEVELOPMENT_TEAM = CRZL2UUGWW;
				ENABLE_PREVIEWS = YES;
				INFOPLIST_FILE = TMDB_App/Info.plist;
				IPHONEOS_DEPLOYMENT_TARGET = 14.0;
				LD_RUNPATH_SEARCH_PATHS = (
					"$(inherited)",
					"@executable_path/Frameworks",
				);
				PRODUCT_BUNDLE_IDENTIFIER = "com.nazildosouza.TMDB-App";
				PRODUCT_NAME = "$(TARGET_NAME)";
				SWIFT_VERSION = 5.0;
				TARGETED_DEVICE_FAMILY = "1,2";
			};
			name = Release;
		};
		20BD58ED258189320009E226 /* Debug */ = {
			isa = XCBuildConfiguration;
			buildSettings = {
				ASSETCATALOG_COMPILER_APPICON_NAME = AppIcon;
				ASSETCATALOG_COMPILER_GLOBAL_ACCENT_COLOR_NAME = AccentColor;
				CODE_SIGN_ENTITLEMENTS = TMDB_App_MacOS/TMDB_App_MacOS.entitlements;
				CODE_SIGN_IDENTITY = "-";
				CODE_SIGN_STYLE = Automatic;
				COMBINE_HIDPI_IMAGES = YES;
				DEVELOPMENT_ASSET_PATHS = "\"TMDB_App_MacOS/Preview Content\"";
				DEVELOPMENT_TEAM = CRZL2UUGWW;
				ENABLE_HARDENED_RUNTIME = YES;
				ENABLE_PREVIEWS = YES;
				INFOPLIST_FILE = TMDB_App_MacOS/Info.plist;
				LD_RUNPATH_SEARCH_PATHS = (
					"$(inherited)",
					"@executable_path/../Frameworks",
				);
				MACOSX_DEPLOYMENT_TARGET = 11.0;
				PRODUCT_BUNDLE_IDENTIFIER = "com.nazildosouza.TMDB-App-MacOS";
				PRODUCT_NAME = "$(TARGET_NAME)";
				SDKROOT = macosx;
				SWIFT_VERSION = 5.0;
			};
			name = Debug;
		};
		20BD58EE258189320009E226 /* Release */ = {
			isa = XCBuildConfiguration;
			buildSettings = {
				ASSETCATALOG_COMPILER_APPICON_NAME = AppIcon;
				ASSETCATALOG_COMPILER_GLOBAL_ACCENT_COLOR_NAME = AccentColor;
				CODE_SIGN_ENTITLEMENTS = TMDB_App_MacOS/TMDB_App_MacOS.entitlements;
				CODE_SIGN_IDENTITY = "-";
				CODE_SIGN_STYLE = Automatic;
				COMBINE_HIDPI_IMAGES = YES;
				DEVELOPMENT_ASSET_PATHS = "\"TMDB_App_MacOS/Preview Content\"";
				DEVELOPMENT_TEAM = CRZL2UUGWW;
				ENABLE_HARDENED_RUNTIME = YES;
				ENABLE_PREVIEWS = YES;
				INFOPLIST_FILE = TMDB_App_MacOS/Info.plist;
				LD_RUNPATH_SEARCH_PATHS = (
					"$(inherited)",
					"@executable_path/../Frameworks",
				);
				MACOSX_DEPLOYMENT_TARGET = 11.0;
				PRODUCT_BUNDLE_IDENTIFIER = "com.nazildosouza.TMDB-App-MacOS";
				PRODUCT_NAME = "$(TARGET_NAME)";
				SDKROOT = macosx;
				SWIFT_VERSION = 5.0;
			};
			name = Release;
		};
/* End XCBuildConfiguration section */

/* Begin XCConfigurationList section */
		2075C99D24E22F1A0019EF51 /* Build configuration list for PBXProject "TMDB_App" */ = {
			isa = XCConfigurationList;
			buildConfigurations = (
				2075C9AF24E22F1B0019EF51 /* Debug */,
				2075C9B024E22F1B0019EF51 /* Release */,
			);
			defaultConfigurationIsVisible = 0;
			defaultConfigurationName = Release;
		};
		2075C9B124E22F1B0019EF51 /* Build configuration list for PBXNativeTarget "TMDB_App" */ = {
			isa = XCConfigurationList;
			buildConfigurations = (
				2075C9B224E22F1B0019EF51 /* Debug */,
				2075C9B324E22F1B0019EF51 /* Release */,
			);
			defaultConfigurationIsVisible = 0;
			defaultConfigurationName = Release;
		};
		20BD58EF258189320009E226 /* Build configuration list for PBXNativeTarget "TMDB_App_MacOS" */ = {
			isa = XCConfigurationList;
			buildConfigurations = (
				20BD58ED258189320009E226 /* Debug */,
				20BD58EE258189320009E226 /* Release */,
			);
			defaultConfigurationIsVisible = 0;
			defaultConfigurationName = Release;
		};
/* End XCConfigurationList section */

/* Begin XCRemoteSwiftPackageReference section */
		20FFD45024E3875700DF5349 /* XCRemoteSwiftPackageReference "SDWebImageSwiftUI" */ = {
			isa = XCRemoteSwiftPackageReference;
			repositoryURL = "https://github.com/SDWebImage/SDWebImageSwiftUI.git";
			requirement = {
				kind = upToNextMajorVersion;
				minimumVersion = 1.5.0;
			};
		};
/* End XCRemoteSwiftPackageReference section */

/* Begin XCSwiftPackageProductDependency section */
		20BD58F32581894F0009E226 /* SDWebImageSwiftUI */ = {
			isa = XCSwiftPackageProductDependency;
			package = 20FFD45024E3875700DF5349 /* XCRemoteSwiftPackageReference "SDWebImageSwiftUI" */;
			productName = SDWebImageSwiftUI;
		};
		20FFD45124E3875700DF5349 /* SDWebImageSwiftUI */ = {
			isa = XCSwiftPackageProductDependency;
			package = 20FFD45024E3875700DF5349 /* XCRemoteSwiftPackageReference "SDWebImageSwiftUI" */;
			productName = SDWebImageSwiftUI;
		};
/* End XCSwiftPackageProductDependency section */
	};
	rootObject = 2075C99A24E22F1A0019EF51 /* Project object */;
}
